// !$*UTF8*$!
{
	archiveVersion = 1;
	classes = {
	};
	objectVersion = 50;
	objects = {

/* Begin PBXBuildFile section */
		BCC10AB7264CF2E7009C3F8E /* AppDelegate.swift in Sources */ = {isa = PBXBuildFile; fileRef = BCC10AB6264CF2E7009C3F8E /* AppDelegate.swift */; };
		BCC10AB9264CF2E7009C3F8E /* SceneDelegate.swift in Sources */ = {isa = PBXBuildFile; fileRef = BCC10AB8264CF2E7009C3F8E /* SceneDelegate.swift */; };
		BCC10ABB264CF2E7009C3F8E /* ViewController.swift in Sources */ = {isa = PBXBuildFile; fileRef = BCC10ABA264CF2E7009C3F8E /* ViewController.swift */; };
		BCC10ABE264CF2E7009C3F8E /* Main.storyboard in Resources */ = {isa = PBXBuildFile; fileRef = BCC10ABC264CF2E7009C3F8E /* Main.storyboard */; };
		BCC10AC0264CF2EB009C3F8E /* Assets.xcassets in Resources */ = {isa = PBXBuildFile; fileRef = BCC10ABF264CF2EB009C3F8E /* Assets.xcassets */; };
		BCC10AC3264CF2EB009C3F8E /* LaunchScreen.storyboard in Resources */ = {isa = PBXBuildFile; fileRef = BCC10AC1264CF2EB009C3F8E /* LaunchScreen.storyboard */; };
		BCC10ACC264CF891009C3F8E /* MapKit.framework in Frameworks */ = {isa = PBXBuildFile; fileRef = BCC10ACB264CF891009C3F8E /* MapKit.framework */; };
/* End PBXBuildFile section */

/* Begin PBXFileReference section */
		BCC10AB3264CF2E7009C3F8E /* Where Was I.app */ = {isa = PBXFileReference; explicitFileType = wrapper.application; includeInIndex = 0; path = "Where Was I.app"; sourceTree = BUILT_PRODUCTS_DIR; };
		BCC10AB6264CF2E7009C3F8E /* AppDelegate.swift */ = {isa = PBXFileReference; lastKnownFileType = sourcecode.swift; path = AppDelegate.swift; sourceTree = "<group>"; };
		BCC10AB8264CF2E7009C3F8E /* SceneDelegate.swift */ = {isa = PBXFileReference; lastKnownFileType = sourcecode.swift; path = SceneDelegate.swift; sourceTree = "<group>"; };
		BCC10ABA264CF2E7009C3F8E /* ViewController.swift */ = {isa = PBXFileReference; lastKnownFileType = sourcecode.swift; path = ViewController.swift; sourceTree = "<group>"; };
		BCC10ABD264CF2E7009C3F8E /* Base */ = {isa = PBXFileReference; lastKnownFileType = file.storyboard; name = Base; path = Base.lproj/Main.storyboard; sourceTree = "<group>"; };
		BCC10ABF264CF2EB009C3F8E /* Assets.xcassets */ = {isa = PBXFileReference; lastKnownFileType = folder.assetcatalog; path = Assets.xcassets; sourceTree = "<group>"; };
		BCC10AC2264CF2EB009C3F8E /* Base */ = {isa = PBXFileReference; lastKnownFileType = file.storyboard; name = Base; path = Base.lproj/LaunchScreen.storyboard; sourceTree = "<group>"; };
		BCC10AC4264CF2EB009C3F8E /* Info.plist */ = {isa = PBXFileReference; lastKnownFileType = text.plist.xml; path = Info.plist; sourceTree = "<group>"; };
		BCC10ACB264CF891009C3F8E /* MapKit.framework */ = {isa = PBXFileReference; lastKnownFileType = wrapper.framework; name = MapKit.framework; path = System/Library/Frameworks/MapKit.framework; sourceTree = SDKROOT; };
/* End PBXFileReference section */

/* Begin PBXFrameworksBuildPhase section */
		BCC10AB0264CF2E7009C3F8E /* Frameworks */ = {
			isa = PBXFrameworksBuildPhase;
			buildActionMask = 2147483647;
			files = (
				BCC10ACC264CF891009C3F8E /* MapKit.framework in Frameworks */,
			);
			runOnlyForDeploymentPostprocessing = 0;
		};
/* End PBXFrameworksBuildPhase section */

/* Begin PBXGroup section */
		BCC10AAA264CF2E7009C3F8E = {
			isa = PBXGroup;
			children = (
				BCC10AB5264CF2E7009C3F8E /* Where Was I */,
				BCC10AB4264CF2E7009C3F8E /* Products */,
				BCC10ACA264CF891009C3F8E /* Frameworks */,
			);
			sourceTree = "<group>";
		};
		BCC10AB4264CF2E7009C3F8E /* Products */ = {
			isa = PBXGroup;
			children = (
				BCC10AB3264CF2E7009C3F8E /* Where Was I.app */,
			);
			name = Products;
			sourceTree = "<group>";
		};
		BCC10AB5264CF2E7009C3F8E /* Where Was I */ = {
			isa = PBXGroup;
			children = (
				BCC10AB6264CF2E7009C3F8E /* AppDelegate.swift */,
				BCC10AB8264CF2E7009C3F8E /* SceneDelegate.swift */,
				BCC10ABA264CF2E7009C3F8E /* ViewController.swift */,
				BCC10ABC264CF2E7009C3F8E /* Main.storyboard */,
				BCC10ABF264CF2EB009C3F8E /* Assets.xcassets */,
				BCC10AC1264CF2EB009C3F8E /* LaunchScreen.storyboard */,
				BCC10AC4264CF2EB009C3F8E /* Info.plist */,
			);
			path = "Where Was I";
			sourceTree = "<group>";
		};
		BCC10ACA264CF891009C3F8E /* Frameworks */ = {
			isa = PBXGroup;
			children = (
				BCC10ACB264CF891009C3F8E /* MapKit.framework */,
			);
			name = Frameworks;
			sourceTree = "<group>";
		};
/* End PBXGroup section */

/* Begin PBXNativeTarget section */
		BCC10AB2264CF2E7009C3F8E /* Where Was I */ = {
			isa = PBXNativeTarget;
			buildConfigurationList = BCC10AC7264CF2EB009C3F8E /* Build configuration list for PBXNativeTarget "Where Was I" */;
			buildPhases = (
				BCC10AAF264CF2E7009C3F8E /* Sources */,
				BCC10AB0264CF2E7009C3F8E /* Frameworks */,
				BCC10AB1264CF2E7009C3F8E /* Resources */,
			);
			buildRules = (
			);
			dependencies = (
			);
			name = "Where Was I";
			productName = "Where Was I";
			productReference = BCC10AB3264CF2E7009C3F8E /* Where Was I.app */;
			productType = "com.apple.product-type.application";
		};
/* End PBXNativeTarget section */

/* Begin PBXProject section */
		BCC10AAB264CF2E7009C3F8E /* Project object */ = {
			isa = PBXProject;
			attributes = {
				LastSwiftUpdateCheck = 1100;
				LastUpgradeCheck = 1100;
				ORGANIZATIONNAME = "Monique Shaqiri";
				TargetAttributes = {
					BCC10AB2264CF2E7009C3F8E = {
						CreatedOnToolsVersion = 11.0;
					};
				};
			};
			buildConfigurationList = BCC10AAE264CF2E7009C3F8E /* Build configuration list for PBXProject "Where Was I" */;
			compatibilityVersion = "Xcode 9.3";
			developmentRegion = en;
			hasScannedForEncodings = 0;
			knownRegions = (
				en,
				Base,
			);
			mainGroup = BCC10AAA264CF2E7009C3F8E;
			productRefGroup = BCC10AB4264CF2E7009C3F8E /* Products */;
			projectDirPath = "";
			projectRoot = "";
			targets = (
				BCC10AB2264CF2E7009C3F8E /* Where Was I */,
			);
		};
/* End PBXProject section */

/* Begin PBXResourcesBuildPhase section */
		BCC10AB1264CF2E7009C3F8E /* Resources */ = {
			isa = PBXResourcesBuildPhase;
			buildActionMask = 2147483647;
			files = (
				BCC10AC3264CF2EB009C3F8E /* LaunchScreen.storyboard in Resources */,
				BCC10AC0264CF2EB009C3F8E /* Assets.xcassets in Resources */,
				BCC10ABE264CF2E7009C3F8E /* Main.storyboard in Resources */,
			);
			runOnlyForDeploymentPostprocessing = 0;
		};
/* End PBXResourcesBuildPhase section */

/* Begin PBXSourcesBuildPhase section */
		BCC10AAF264CF2E7009C3F8E /* Sources */ = {
			isa = PBXSourcesBuildPhase;
			buildActionMask = 2147483647;
			files = (
				BCC10ABB264CF2E7009C3F8E /* ViewController.swift in Sources */,
				BCC10AB7264CF2E7009C3F8E /* AppDelegate.swift in Sources */,
				BCC10AB9264CF2E7009C3F8E /* SceneDelegate.swift in Sources */,
			);
			runOnlyForDeploymentPostprocessing = 0;
		};
/* End PBXSourcesBuildPhase section */

/* Begin PBXVariantGroup section */
		BCC10ABC264CF2E7009C3F8E /* Main.storyboard */ = {
			isa = PBXVariantGroup;
			children = (
				BCC10ABD264CF2E7009C3F8E /* Base */,
			);
			name = Main.storyboard;
			sourceTree = "<group>";
		};
		BCC10AC1264CF2EB009C3F8E /* LaunchScreen.storyboard */ = {
			isa = PBXVariantGroup;
			children = (
				BCC10AC2264CF2EB009C3F8E /* Base */,
			);
			name = LaunchScreen.storyboard;
			sourceTree = "<group>";
		};
/* End PBXVariantGroup section */

/* Begin XCBuildConfiguration section */
		BCC10AC5264CF2EB009C3F8E /* Debug */ = {
			isa = XCBuildConfiguration;
			buildSettings = {
				ALWAYS_SEARCH_USER_PATHS = NO;
				CLANG_ANALYZER_NONNULL = YES;
				CLANG_ANALYZER_NUMBER_OBJECT_CONVERSION = YES_AGGRESSIVE;
				CLANG_CXX_LANGUAGE_STANDARD = "gnu++14";
				CLANG_CXX_LIBRARY = "libc++";
				CLANG_ENABLE_MODULES = YES;
				CLANG_ENABLE_OBJC_ARC = YES;
				CLANG_ENABLE_OBJC_WEAK = YES;
				CLANG_WARN_BLOCK_CAPTURE_AUTORELEASING = YES;
				CLANG_WARN_BOOL_CONVERSION = YES;
				CLANG_WARN_COMMA = YES;
				CLANG_WARN_CONSTANT_CONVERSION = YES;
				CLANG_WARN_DEPRECATED_OBJC_IMPLEMENTATIONS = YES;
				CLANG_WARN_DIRECT_OBJC_ISA_USAGE = YES_ERROR;
				CLANG_WARN_DOCUMENTATION_COMMENTS = YES;
				CLANG_WARN_EMPTY_BODY = YES;
				CLANG_WARN_ENUM_CONVERSION = YES;
				CLANG_WARN_INFINITE_RECURSION = YES;
				CLANG_WARN_INT_CONVERSION = YES;
				CLANG_WARN_NON_LITERAL_NULL_CONVERSION = YES;
				CLANG_WARN_OBJC_IMPLICIT_RETAIN_SELF = YES;
				CLANG_WARN_OBJC_LITERAL_CONVERSION = YES;
				CLANG_WARN_OBJC_ROOT_CLASS = YES_ERROR;
				CLANG_WARN_RANGE_LOOP_ANALYSIS = YES;
				CLANG_WARN_STRICT_PROTOTYPES = YES;
				CLANG_WARN_SUSPICIOUS_MOVE = YES;
				CLANG_WARN_UNGUARDED_AVAILABILITY = YES_AGGRESSIVE;
				CLANG_WARN_UNREACHABLE_CODE = YES;
				CLANG_WARN__DUPLICATE_METHOD_MATCH = YES;
				COPY_PHASE_STRIP = NO;
				DEBUG_INFORMATION_FORMAT = dwarf;
				ENABLE_STRICT_OBJC_MSGSEND = YES;
				ENABLE_TESTABILITY = YES;
				GCC_C_LANGUAGE_STANDARD = gnu11;
				GCC_DYNAMIC_NO_PIC = NO;
				GCC_NO_COMMON_BLOCKS = YES;
				GCC_OPTIMIZATION_LEVEL = 0;
				GCC_PREPROCESSOR_DEFINITIONS = (
					"DEBUG=1",
					"$(inherited)",
				);
				GCC_WARN_64_TO_32_BIT_CONVERSION = YES;
				GCC_WARN_ABOUT_RETURN_TYPE = YES_ERROR;
				GCC_WARN_UNDECLARED_SELECTOR = YES;
				GCC_WARN_UNINITIALIZED_AUTOS = YES_AGGRESSIVE;
				GCC_WARN_UNUSED_FUNCTION = YES;
				GCC_WARN_UNUSED_VARIABLE = YES;
				IPHONEOS_DEPLOYMENT_TARGET = 13.0;
				MTL_ENABLE_DEBUG_INFO = INCLUDE_SOURCE;
				MTL_FAST_MATH = YES;
				ONLY_ACTIVE_ARCH = YES;
				SDKROOT = iphoneos;
				SWIFT_ACTIVE_COMPILATION_CONDITIONS = DEBUG;
				SWIFT_OPTIMIZATION_LEVEL = "-Onone";
			};
			name = Debug;
		};
		BCC10AC6264CF2EB009C3F8E /* Release */ = {
			isa = XCBuildConfiguration;
			buildSettings = {
				ALWAYS_SEARCH_USER_PATHS = NO;
				CLANG_ANALYZER_NONNULL = YES;
				CLANG_ANALYZER_NUMBER_OBJECT_CONVERSION = YES_AGGRESSIVE;
				CLANG_CXX_LANGUAGE_STANDARD = "gnu++14";
				CLANG_CXX_LIBRARY = "libc++";
				CLANG_ENABLE_MODULES = YES;
				CLANG_ENABLE_OBJC_ARC = YES;
				CLANG_ENABLE_OBJC_WEAK = YES;
				CLANG_WARN_BLOCK_CAPTURE_AUTORELEASING = YES;
				CLANG_WARN_BOOL_CONVERSION = YES;
				CLANG_WARN_COMMA = YES;
				CLANG_WARN_CONSTANT_CONVERSION = YES;
				CLANG_WARN_DEPRECATED_OBJC_IMPLEMENTATIONS = YES;
				CLANG_WARN_DIRECT_OBJC_ISA_USAGE = YES_ERROR;
				CLANG_WARN_DOCUMENTATION_COMMENTS = YES;
				CLANG_WARN_EMPTY_BODY = YES;
				CLANG_WARN_ENUM_CONVERSION = YES;
				CLANG_WARN_INFINITE_RECURSION = YES;
				CLANG_WARN_INT_CONVERSION = YES;
				CLANG_WARN_NON_LITERAL_NULL_CONVERSION = YES;
				CLANG_WARN_OBJC_IMPLICIT_RETAIN_SELF = YES;
				CLANG_WARN_OBJC_LITERAL_CONVERSION = YES;
				CLANG_WARN_OBJC_ROOT_CLASS = YES_ERROR;
				CLANG_WARN_RANGE_LOOP_ANALYSIS = YES;
				CLANG_WARN_STRICT_PROTOTYPES = YES;
				CLANG_WARN_SUSPICIOUS_MOVE = YES;
				CLANG_WARN_UNGUARDED_AVAILABILITY = YES_AGGRESSIVE;
				CLANG_WARN_UNREACHABLE_CODE = YES;
				CLANG_WARN__DUPLICATE_METHOD_MATCH = YES;
				COPY_PHASE_STRIP = NO;
				DEBUG_INFORMATION_FORMAT = "dwarf-with-dsym";
				ENABLE_NS_ASSERTIONS = NO;
				ENABLE_STRICT_OBJC_MSGSEND = YES;
				GCC_C_LANGUAGE_STANDARD = gnu11;
				GCC_NO_COMMON_BLOCKS = YES;
				GCC_WARN_64_TO_32_BIT_CONVERSION = YES;
				GCC_WARN_ABOUT_RETURN_TYPE = YES_ERROR;
				GCC_WARN_UNDECLARED_SELECTOR = YES;
				GCC_WARN_UNINITIALIZED_AUTOS = YES_AGGRESSIVE;
				GCC_WARN_UNUSED_FUNCTION = YES;
				GCC_WARN_UNUSED_VARIABLE = YES;
				IPHONEOS_DEPLOYMENT_TARGET = 13.0;
				MTL_ENABLE_DEBUG_INFO = NO;
				MTL_FAST_MATH = YES;
				SDKROOT = iphoneos;
				SWIFT_COMPILATION_MODE = wholemodule;
				SWIFT_OPTIMIZATION_LEVEL = "-O";
				VALIDATE_PRODUCT = YES;
			};
			name = Release;
		};
		BCC10AC8264CF2EB009C3F8E /* Debug */ = {
			isa = XCBuildConfiguration;
			buildSettings = {
				ASSETCATALOG_COMPILER_APPICON_NAME = AppIcon;
				CODE_SIGN_STYLE = Automatic;
				DEVELOPMENT_TEAM = PJBAA344QW;
				INFOPLIST_FILE = "Where Was I/Info.plist";
				LD_RUNPATH_SEARCH_PATHS = (
					"$(inherited)",
					"@executable_path/Frameworks",
				);
				PRODUCT_BUNDLE_IDENTIFIER = "com.Softwareengineering-S.Where-Was-I";
				PRODUCT_NAME = "$(TARGET_NAME)";
				SWIFT_VERSION = 5.0;
				TARGETED_DEVICE_FAMILY = "1,2";
			};
			name = Debug;
		};
		BCC10AC9264CF2EB009C3F8E /* Release */ = {
			isa = XCBuildConfiguration;
			buildSettings = {
				ASSETCATALOG_COMPILER_APPICON_NAME = AppIcon;
				CODE_SIGN_STYLE = Automatic;
				DEVELOPMENT_TEAM = PJBAA344QW;
				INFOPLIST_FILE = "Where Was I/Info.plist";
				LD_RUNPATH_SEARCH_PATHS = (
					"$(inherited)",
					"@executable_path/Frameworks",
				);
				PRODUCT_BUNDLE_IDENTIFIER = "com.Softwareengineering-S.Where-Was-I";
				PRODUCT_NAME = "$(TARGET_NAME)";
				SWIFT_VERSION = 5.0;
				TARGETED_DEVICE_FAMILY = "1,2";
			};
			name = Release;
		};
/* End XCBuildConfiguration section */

/* Begin XCConfigurationList section */
		BCC10AAE264CF2E7009C3F8E /* Build configuration list for PBXProject "Where Was I" */ = {
			isa = XCConfigurationList;
			buildConfigurations = (
				BCC10AC5264CF2EB009C3F8E /* Debug */,
				BCC10AC6264CF2EB009C3F8E /* Release */,
			);
			defaultConfigurationIsVisible = 0;
			defaultConfigurationName = Release;
		};
		BCC10AC7264CF2EB009C3F8E /* Build configuration list for PBXNativeTarget "Where Was I" */ = {
			isa = XCConfigurationList;
			buildConfigurations = (
				BCC10AC8264CF2EB009C3F8E /* Debug */,
				BCC10AC9264CF2EB009C3F8E /* Release */,
			);
			defaultConfigurationIsVisible = 0;
			defaultConfigurationName = Release;
		};
/* End XCConfigurationList section */
	};
	rootObject = BCC10AAB264CF2E7009C3F8E /* Project object */;
}
